
Microsoft Visual Studio Solution File, Format Version 12.00
# Visual Studio Version 16
VisualStudioVersion = 16.0.29709.97
MinimumVisualStudioVersion = 15.0.26124.0
Project("{2150E333-8FDC-42A3-9474-1A3956D46DE8}") = "src", "src", "{772E6F7D-9D02-45F4-BEB0-CCA115FCF3C0}"
	ProjectSection(SolutionItems) = preProject
		test_cases.txt = test_cases.txt
	EndProjectSection
EndProject
Project("{FAE04EC0-301F-11D3-BF4B-00C04F79EFBC}") = "AlgTester", "src\AlgTester\AlgTester.csproj", "{2BE79E31-AEC8-4285-AAC9-C2533ECF0749}"
EndProject
Project("{FAE04EC0-301F-11D3-BF4B-00C04F79EFBC}") = "TesterApp", "src\TesterApp\TesterApp.csproj", "{B32B39B9-48E5-4155-A071-BF872BF0A29A}"
EndProject
Global
	GlobalSection(SolutionConfigurationPlatforms) = preSolution
		Debug|Any CPU = Debug|Any CPU
		Debug|x64 = Debug|x64
		Debug|x86 = Debug|x86
		Release|Any CPU = Release|Any CPU
		Release|x64 = Release|x64
		Release|x86 = Release|x86
	EndGlobalSection
	GlobalSection(ProjectConfigurationPlatforms) = postSolution
		{2BE79E31-AEC8-4285-AAC9-C2533ECF0749}.Debug|Any CPU.ActiveCfg = Debug|Any CPU
		{2BE79E31-AEC8-4285-AAC9-C2533ECF0749}.Debug|Any CPU.Build.0 = Debug|Any CPU
		{2BE79E31-AEC8-4285-AAC9-C2533ECF0749}.Debug|x64.ActiveCfg = Debug|Any CPU
		{2BE79E31-AEC8-4285-AAC9-C2533ECF0749}.Debug|x64.Build.0 = Debug|Any CPU
		{2BE79E31-AEC8-4285-AAC9-C2533ECF0749}.Debug|x86.ActiveCfg = Debug|Any CPU
		{2BE79E31-AEC8-4285-AAC9-C2533ECF0749}.Debug|x86.Build.0 = Debug|Any CPU
		{2BE79E31-AEC8-4285-AAC9-C2533ECF0749}.Release|Any CPU.ActiveCfg = Release|Any CPU
		{2BE79E31-AEC8-4285-AAC9-C2533ECF0749}.Release|Any CPU.Build.0 = Release|Any CPU
		{2BE79E31-AEC8-4285-AAC9-C2533ECF0749}.Release|x64.ActiveCfg = Release|Any CPU
		{2BE79E31-AEC8-4285-AAC9-C2533ECF0749}.Release|x64.Build.0 = Release|Any CPU
		{2BE79E31-AEC8-4285-AAC9-C2533ECF0749}.Release|x86.ActiveCfg = Release|Any CPU
		{2BE79E31-AEC8-4285-AAC9-C2533ECF0749}.Release|x86.Build.0 = Release|Any CPU
		{B32B39B9-48E5-4155-A071-BF872BF0A29A}.Debug|Any CPU.ActiveCfg = Debug|Any CPU
		{B32B39B9-48E5-4155-A071-BF872BF0A29A}.Debug|Any CPU.Build.0 = Debug|Any CPU
		{B32B39B9-48E5-4155-A071-BF872BF0A29A}.Debug|x64.ActiveCfg = Debug|Any CPU
		{B32B39B9-48E5-4155-A071-BF872BF0A29A}.Debug|x64.Build.0 = Debug|Any CPU
		{B32B39B9-48E5-4155-A071-BF872BF0A29A}.Debug|x86.ActiveCfg = Debug|Any CPU
		{B32B39B9-48E5-4155-A071-BF872BF0A29A}.Debug|x86.Build.0 = Debug|Any CPU
		{B32B39B9-48E5-4155-A071-BF872BF0A29A}.Release|Any CPU.ActiveCfg = Release|Any CPU
		{B32B39B9-48E5-4155-A071-BF872BF0A29A}.Release|Any CPU.Build.0 = Release|Any CPU
		{B32B39B9-48E5-4155-A071-BF872BF0A29A}.Release|x64.ActiveCfg = Release|Any CPU
		{B32B39B9-48E5-4155-A071-BF872BF0A29A}.Release|x64.Build.0 = Release|Any CPU
		{B32B39B9-48E5-4155-A071-BF872BF0A29A}.Release|x86.ActiveCfg = Release|Any CPU
		{B32B39B9-48E5-4155-A071-BF872BF0A29A}.Release|x86.Build.0 = Release|Any CPU
	EndGlobalSection
	GlobalSection(SolutionProperties) = preSolution
		HideSolutionNode = FALSE
	EndGlobalSection
	GlobalSection(ExtensibilityGlobals) = postSolution
		SolutionGuid = {A68A8963-17F8-44E1-A4C8-AFA57F33F435}
	EndGlobalSection
	GlobalSection(NestedProjects) = preSolution
		{2BE79E31-AEC8-4285-AAC9-C2533ECF0749} = {772E6F7D-9D02-45F4-BEB0-CCA115FCF3C0}
		{B32B39B9-48E5-4155-A071-BF872BF0A29A} = {772E6F7D-9D02-45F4-BEB0-CCA115FCF3C0}
	EndGlobalSection
EndGlobal
